PODS:
  - AFNetworking (4.0.1):
    - AFNetworking/NSURLSession (= 4.0.1)
    - AFNetworking/Reachability (= 4.0.1)
    - AFNetworking/Security (= 4.0.1)
    - AFNetworking/Serialization (= 4.0.1)
    - AFNetworking/UIKit (= 4.0.1)
  - AFNetworking/NSURLSession (4.0.1):
    - AFNetworking/Reachability
    - AFNetworking/Security
    - AFNetworking/Serialization
  - AFNetworking/Reachability (4.0.1)
  - AFNetworking/Security (4.0.1)
  - AFNetworking/Serialization (4.0.1)
  - AFNetworking/UIKit (4.0.1):
    - AFNetworking/NSURLSession
  - ImageSlideshow (1.9.0):
    - ImageSlideshow/Core (= 1.9.0)
  - ImageSlideshow/AFURL (1.9.0):
  - Alamofire (5.10.2)
  - AlamofireImage (4.3.0):
    - Alamofire (~> 5.8)
    - ImageSlideshow/Core
  - ImageSlideshow/Alamofire (1.9.0):
    - AlamofireImage (~> 4.0)
    - ImageSlideshow/Core
  - ImageSlideshow/Core (1.9.0)
  - ImageSlideshow/Kingfisher (1.9.0):
    - ImageSlideshow/Core
    - Kingfisher (> 3.0)
  - ImageSlideshow/SDWebImage (1.9.0):
    - ImageSlideshow/Core
    - SDWebImage (>= 3.7)
  - Kingfisher (8.3.2)
  - SDWebImage (5.21.0):
    - SDWebImage/Core (= 5.21.0)
  - SDWebImage/Core (5.21.0)

DEPENDENCIES:
  - ImageSlideshow (from `../`)
  - ImageSlideshow/AFURL (from `../`)
  - ImageSlideshow/Alamofire (from `../`)
  - ImageSlideshow/Kingfisher (from `../`)
  - ImageSlideshow/SDWebImage (from `../`)

SPEC REPOS:
  trunk:
    - AFNetworking
    - Alamofire
    - AlamofireImage
    - Kingfisher
    - SDWebImage

EXTERNAL SOURCES:
  ImageSlideshow:
    :path: "../"

SPEC CHECKSUMS:
  ImageSlideshow: a90cc3568a325cdf1bd543732a2cfcf6361d0dc1
  AFNetworking: 3bd23d814e976cd148d7d44c3ab78017b744cd58
  Alamofire: 7193b3b92c74a07f85569e1a6c4f4237291e7496
  AlamofireImage: 843953fa97bee5f561cf05d83abd759e590b068d
  Kingfisher: 0621d0ac0c78fecb19f6dc5303bde2b52abaf2f5
  SDWebImage: f84b0feeb08d2d11e6a9b843cb06d75ebf5b8868

PODFILE CHECKSUM: 19810162c1a79de96d3684e707a993a0b605e6d7

COCOAPODS: 1.16.2
