{
  "object": {
    "pins": [
      {
        "package": "Alamofire",
        "repositoryURL": "https://github.com/Alamofire/Alamofire.git",
        "state": {
          "branch": null,
          "revision": "7595cbcf59809f9977c5f6378500de2ad73b7ddb",
          "version": "5.12.0"
        }
      },
      {
        "package": "AlamofireImage",
        "repositoryURL": "https://github.com/Alamofire/AlamofireImage.git",
        "state": {
          "branch": null,
          "revision": "4cf73d601c482b7d77bae47de3ef1b8bcf328ec1",
          "version": "4.4.0"
        }
      },
      {
        "package": "Kingfisher",
        "repositoryURL": "https://github.com/onevcat/Kingfisher.git",
        "state": {
          "branch": null,
          "revision": "cf8be20d07654570554c8a8a4952bc8a5766a8b0",
          "version": "8.9.0"
        }
      },
      {
        "package": "SDWebImage",
        "repositoryURL": "https://github.com/SDWebImage/SDWebImage.git",
        "state": {
          "branch": null,
          "revision": "2de3a496eaf6df9a1312862adcfd54acd73c39c0",
          "version": "5.21.7"
        }
      }
    ]
  },
  "version": 1
}
